
Microsoft Visual Studio Solution File, Format Version 12.00
# Visual Studio Version 17
VisualStudioVersion = 17.14.36623.8
MinimumVisualStudioVersion = 10.0.40219.1
Project("{FAE04EC0-301F-11D3-BF4B-00C04F79EFBC}") = "Mt5Api", "Mt5Api\Mt5Api.csproj", "{33B81A5B-DCBC-1AF8-A72C-F23A8EF772E0}"
EndProject
Project("{FAE04EC0-301F-11D3-BF4B-00C04F79EFBC}") = "Utils", "Utils\Utils.csproj", "{9C166CDF-ACBA-4BC4-B690-5C910134F050}"
EndProject
Project("{FAE04EC0-301F-11D3-BF4B-00C04F79EFBC}") = "SvpTradingPanel", "SvpTradingPanel\SvpTradingPanel.csproj", "{3C68A2C9-D762-4A49-8525-F3CFEAF126AF}"
EndProject
Project("{FAE04EC0-301F-11D3-BF4B-00C04F79EFBC}") = "MtApi", "..\mtapicore\MtApi\MtApi.csproj", "{14909D40-D00E-E7DF-7E5C-15D69B74AF1F}"
EndProject
Project("{FAE04EC0-301F-11D3-BF4B-00C04F79EFBC}") = "MtApi5", "..\mtapicore\MtApi5\MtApi5.csproj", "{FA4FE199-8888-B294-859D-1ECB1CE89AD9}"
EndProject
Project("{FAE04EC0-301F-11D3-BF4B-00C04F79EFBC}") = "MtClient", "..\mtapicore\MtClient\MtClient.csproj", "{0F9ADC2A-56CF-7609-00D0-8909806E9425}"
EndProject
Global
	GlobalSection(SolutionConfigurationPlatforms) = preSolution
		Debug|Any CPU = Debug|Any CPU
		Release|Any CPU = Release|Any CPU
	EndGlobalSection
	GlobalSection(ProjectConfigurationPlatforms) = postSolution
		{33B81A5B-DCBC-1AF8-A72C-F23A8EF772E0}.Debug|Any CPU.ActiveCfg = Debug|Any CPU
		{33B81A5B-DCBC-1AF8-A72C-F23A8EF772E0}.Debug|Any CPU.Build.0 = Debug|Any CPU
		{33B81A5B-DCBC-1AF8-A72C-F23A8EF772E0}.Release|Any CPU.ActiveCfg = Release|Any CPU
		{33B81A5B-DCBC-1AF8-A72C-F23A8EF772E0}.Release|Any CPU.Build.0 = Release|Any CPU
		{9C166CDF-ACBA-4BC4-B690-5C910134F050}.Debug|Any CPU.ActiveCfg = Debug|Any CPU
		{9C166CDF-ACBA-4BC4-B690-5C910134F050}.Debug|Any CPU.Build.0 = Debug|Any CPU
		{9C166CDF-ACBA-4BC4-B690-5C910134F050}.Release|Any CPU.ActiveCfg = Release|Any CPU
		{9C166CDF-ACBA-4BC4-B690-5C910134F050}.Release|Any CPU.Build.0 = Release|Any CPU
		{3C68A2C9-D762-4A49-8525-F3CFEAF126AF}.Debug|Any CPU.ActiveCfg = Debug|Any CPU
		{3C68A2C9-D762-4A49-8525-F3CFEAF126AF}.Debug|Any CPU.Build.0 = Debug|Any CPU
		{3C68A2C9-D762-4A49-8525-F3CFEAF126AF}.Release|Any CPU.ActiveCfg = Release|Any CPU
		{3C68A2C9-D762-4A49-8525-F3CFEAF126AF}.Release|Any CPU.Build.0 = Release|Any CPU
		{14909D40-D00E-E7DF-7E5C-15D69B74AF1F}.Debug|Any CPU.ActiveCfg = Debug|Any CPU
		{14909D40-D00E-E7DF-7E5C-15D69B74AF1F}.Debug|Any CPU.Build.0 = Debug|Any CPU
		{14909D40-D00E-E7DF-7E5C-15D69B74AF1F}.Release|Any CPU.ActiveCfg = Release|Any CPU
		{14909D40-D00E-E7DF-7E5C-15D69B74AF1F}.Release|Any CPU.Build.0 = Release|Any CPU
		{FA4FE199-8888-B294-859D-1ECB1CE89AD9}.Debug|Any CPU.ActiveCfg = Debug|Any CPU
		{FA4FE199-8888-B294-859D-1ECB1CE89AD9}.Debug|Any CPU.Build.0 = Debug|Any CPU
		{FA4FE199-8888-B294-859D-1ECB1CE89AD9}.Release|Any CPU.ActiveCfg = Release|Any CPU
		{FA4FE199-8888-B294-859D-1ECB1CE89AD9}.Release|Any CPU.Build.0 = Release|Any CPU
		{0F9ADC2A-56CF-7609-00D0-8909806E9425}.Debug|Any CPU.ActiveCfg = Debug|Any CPU
		{0F9ADC2A-56CF-7609-00D0-8909806E9425}.Debug|Any CPU.Build.0 = Debug|Any CPU
		{0F9ADC2A-56CF-7609-00D0-8909806E9425}.Release|Any CPU.ActiveCfg = Release|Any CPU
		{0F9ADC2A-56CF-7609-00D0-8909806E9425}.Release|Any CPU.Build.0 = Release|Any CPU
	EndGlobalSection
	GlobalSection(SolutionProperties) = preSolution
		HideSolutionNode = FALSE
	EndGlobalSection
	GlobalSection(ExtensibilityGlobals) = postSolution
		SolutionGuid = {064EDECC-A5B2-4DA9-A492-687C446156A6}
	EndGlobalSection
EndGlobal
